<?xml version="1.0" encoding="utf-8"?>
<Project ToolsVersion="4.0" xmlns="http://schemas.microsoft.com/developer/msbuild/2003">
  <ItemGroup>
    <Filter Include="Source Files">
      <UniqueIdentifier>{4FC737F1-C7A5-4376-A066-2A32D752A2FF}</UniqueIdentifier>
      <Extensions>cpp;c;cc;cxx;c++;cppm;ixx;def;odl;idl;hpj;bat;asm;asmx</Extensions>
    </Filter>
    <Filter Include="Header Files">
      <UniqueIdentifier>{93995380-89BD-4b04-88EB-625FBE52EBFB}</UniqueIdentifier>
      <Extensions>h;hh;hpp;hxx;h++;hm;inl;inc;ipp;xsd</Extensions>
    </Filter>
    <Filter Include="Resource Files">
      <UniqueIdentifier>{67DA6AB6-F800-4c08-8B7A-83BB121AAD01}</UniqueIdentifier>
      <Extensions>rc;ico;cur;bmp;dlg;rc2;rct;bin;rgs;gif;jpg;jpeg;jpe;resx;tiff;tif;png;wav;mfcribbon-ms</Extensions>
    </Filter>
    <Filter Include="vendors">
      <UniqueIdentifier>{f53605bb-4285-4abe-a643-d7e86ba8c071}</UniqueIdentifier>
    </Filter>
  </ItemGroup>
  <ItemGroup>
    <ClCompile Include="src\renderer\renderer.cpp">
      <Filter>Source Files</Filter>
    </ClCompile>
    <ClCompile Include="main.cpp">
      <Filter>Source Files</Filter>
    </ClCompile>
    <ClCompile Include="src\renderer\EBO.cpp">
      <Filter>Source Files</Filter>
    </ClCompile>
    <ClCompile Include="src\renderer\Shader.cpp">
      <Filter>Source Files</Filter>
    </ClCompile>
    <ClCompile Include="src\core\application.cpp">
      <Filter>Source Files</Filter>
    </ClCompile>
    <ClCompile Include="src\core\window.cpp">
      <Filter>Source Files</Filter>
    </ClCompile>
    <ClCompile Include="src\scene\entity.cpp">
      <Filter>Source Files</Filter>
    </ClCompile>
    <ClCompile Include="vendors\stb\stb_image.cpp">
      <Filter>Source Files</Filter>
    </ClCompile>
    <ClCompile Include="src\renderer\texture.cpp">
      <Filter>Source Files</Filter>
    </ClCompile>
    <ClCompile Include="vendors\glad2\src\glad.c">
      <Filter>Source Files</Filter>
    </ClCompile>
    <ClCompile Include="src\core\data_structures\dense_set.cpp">
      <Filter>Source Files</Filter>
    </ClCompile>
    <ClCompile Include="src\core\data_structures\sentinel_set.cpp">
      <Filter>Source Files</Filter>
    </ClCompile>
    <ClCompile Include="src\core\data_structures\dynamic_registry.cpp">
      <Filter>Source Files</Filter>
    </ClCompile>
    <ClCompile Include="src\scene\scene.cpp">
      <Filter>Source Files</Filter>
    </ClCompile>
    <ClCompile Include="src\renderer\VAO.cpp">
      <Filter>Source Files</Filter>
    </ClCompile>
    <ClCompile Include="src\renderer\VBO.cpp">
      <Filter>Source Files</Filter>
    </ClCompile>
    <ClCompile Include="src\core\deserealizer.cpp">
      <Filter>Source Files</Filter>
    </ClCompile>
  </ItemGroup>
  <ItemGroup>
    <ClInclude Include="src\renderer\renderer.h">
      <Filter>Header Files</Filter>
    </ClInclude>
    <ClInclude Include="src\core\data_structures\ssrutils.h">
      <Filter>Header Files</Filter>
    </ClInclude>
    <ClInclude Include="src\renderer\EBO.h">
      <Filter>Header Files</Filter>
    </ClInclude>
    <ClInclude Include="src\utils.h">
      <Filter>Header Files</Filter>
    </ClInclude>
    <ClInclude Include="src\renderer\Shader.h">
      <Filter>Header Files</Filter>
    </ClInclude>
    <ClInclude Include="src\core\components.h">
      <Filter>Header Files</Filter>
    </ClInclude>
    <ClInclude Include="src\core\application.h">
      <Filter>Header Files</Filter>
    </ClInclude>
    <ClInclude Include="src\core\window.h">
      <Filter>Header Files</Filter>
    </ClInclude>
    <ClInclude Include="src\scene\entity.h">
      <Filter>Header Files</Filter>
    </ClInclude>
    <ClInclude Include="test_project\scripts\game\actors\actors.h">
      <Filter>Header Files</Filter>
    </ClInclude>
    <ClInclude Include="vendors\stb\stb_image.h">
      <Filter>Header Files</Filter>
    </ClInclude>
    <ClInclude Include="src\renderer\texture.h">
      <Filter>Header Files</Filter>
    </ClInclude>
    <ClInclude Include="src\core_scripts\renderer_scripts.h">
      <Filter>Header Files</Filter>
    </ClInclude>
    <ClInclude Include="src\core\macros.h">
      <Filter>Header Files</Filter>
    </ClInclude>
    <ClInclude Include="src\core\data_structures\dense_set.h">
      <Filter>Header Files</Filter>
    </ClInclude>
    <ClInclude Include="src\core\data_structures\sentinel_set.h">
      <Filter>Header Files</Filter>
    </ClInclude>
    <ClInclude Include="src\core\data_structures\dynamic_registry.h">
      <Filter>Header Files</Filter>
    </ClInclude>
    <ClInclude Include="src\scene\scene.h">
      <Filter>Header Files</Filter>
    </ClInclude>
    <ClInclude Include="test_project\scripts\game\logic.h">
      <Filter>Header Files</Filter>
    </ClInclude>
    <ClInclude Include="src\renderer\VAO.h">
      <Filter>Header Files</Filter>
    </ClInclude>
    <ClInclude Include="src\renderer\VBO.h">
      <Filter>Header Files</Filter>
    </ClInclude>
    <ClInclude Include="src\utils\utils.h">
      <Filter>Header Files</Filter>
    </ClInclude>
    <ClInclude Include="test_project\scripts\main_menu\logic.h">
      <Filter>Header Files</Filter>
    </ClInclude>
    <ClInclude Include="src\core\serealizer.h">
      <Filter>Header Files</Filter>
    </ClInclude>
    <ClInclude Include="src\core\deserealizer.h">
      <Filter>Header Files</Filter>
    </ClInclude>
    <ClInclude Include="kawa.h">
      <Filter>Header Files</Filter>
    </ClInclude>
    <ClInclude Include="src\scene\scene_logic_body.h">
      <Filter>Header Files</Filter>
    </ClInclude>
    <ClInclude Include="test_project\kawa_test_project.h">
      <Filter>Header Files</Filter>
    </ClInclude>
    <ClInclude Include="src\debug\debug.h">
      <Filter>Header Files</Filter>
    </ClInclude>
    <ClInclude Include="src\debug\platform_detect.h">
      <Filter>Header Files</Filter>
    </ClInclude>
    <ClInclude Include="src\debug\assert.h">
      <Filter>Header Files</Filter>
    </ClInclude>
    <ClInclude Include="src\debug\log.h">
      <Filter>Header Files</Filter>
    </ClInclude>
    <ClInclude Include="test_project\scripts\main_menu\actors\bit.h">
      <Filter>Header Files</Filter>
    </ClInclude>
    <ClInclude Include="test_project\scripts\main_menu\actors\play_button.h">
      <Filter>Header Files</Filter>
    </ClInclude>
    <ClInclude Include="test_project\scripts\main_menu\actors\home_button.h">
      <Filter>Header Files</Filter>
    </ClInclude>
    <ClInclude Include="src\core\log\log.h">
      <Filter>Header Files</Filter>
    </ClInclude>
    <ClInclude Include="src\core\log\log_defaults.h">
      <Filter>Header Files</Filter>
    </ClInclude>
    <ClInclude Include="src\core\log\log_enums.h">
      <Filter>Header Files</Filter>
    </ClInclude>
    <ClInclude Include="src\core\log\log_getters.h">
      <Filter>Header Files</Filter>
    </ClInclude>
    <ClInclude Include="test_project\scripts\game\actors\player1.h">
      <Filter>Header Files</Filter>
    </ClInclude>
    <ClInclude Include="test_project\scripts\game\actors\player2.h">
      <Filter>Header Files</Filter>
    </ClInclude>
    <ClInclude Include="test_project\scripts\game\actors\coin.h">
      <Filter>Header Files</Filter>
    </ClInclude>
    <ClInclude Include="test_project\scripts\game\actors\block.h">
      <Filter>Header Files</Filter>
    </ClInclude>
    <ClInclude Include="test_project\scripts\game\actors\counter.h">
      <Filter>Header Files</Filter>
    </ClInclude>
    <ClInclude Include="test_project\scripts\game\actors\text.h">
      <Filter>Header Files</Filter>
    </ClInclude>
    <ClInclude Include="test_project\scripts\game\actors\spam.h">
      <Filter>Header Files</Filter>
    </ClInclude>
    <ClInclude Include="test_project\scripts\game\actors\block2.h">
      <Filter>Header Files</Filter>
    </ClInclude>
    <ClInclude Include="test_project\scripts\shared\ortho_camera.h">
      <Filter>Header Files</Filter>
    </ClInclude>
    <ClInclude Include="test_project\scripts\shooter\logic.h">
      <Filter>Header Files</Filter>
    </ClInclude>
    <ClInclude Include="test_project\scripts\shooter\actors\ship.h">
      <Filter>Header Files</Filter>
    </ClInclude>
    <ClInclude Include="test_project\scripts\shooter\actors\background.h">
      <Filter>Header Files</Filter>
    </ClInclude>
    <ClInclude Include="test_project\scripts\shooter\actors\asteroid.h">
      <Filter>Header Files</Filter>
    </ClInclude>
  </ItemGroup>
  <ItemGroup>
    <None Include="shaders\test_vert.vert" />
    <None Include="shaders\test_frag.frag" />
    <None Include="shaders\better.frag" />
  </ItemGroup>
</Project>