<?xml version="1.0" encoding="utf-8"?>
<Project ToolsVersion="4.0" xmlns="http://schemas.microsoft.com/developer/msbuild/2003">
  <ItemGroup>
    <Filter Include="Source Files">
      <UniqueIdentifier>{4FC737F1-C7A5-4376-A066-2A32D752A2FF}</UniqueIdentifier>
      <Extensions>cpp;c;cc;cxx;c++;cppm;ixx;def;odl;idl;hpj;bat;asm;asmx</Extensions>
    </Filter>
    <Filter Include="Header Files">
      <UniqueIdentifier>{93995380-89BD-4b04-88EB-625FBE52EBFB}</UniqueIdentifier>
      <Extensions>h;hh;hpp;hxx;h++;hm;inl;inc;ipp;xsd</Extensions>
    </Filter>
    <Filter Include="Resource Files">
      <UniqueIdentifier>{67DA6AB6-F800-4c08-8B7A-83BB121AAD01}</UniqueIdentifier>
      <Extensions>rc;ico;cur;bmp;dlg;rc2;rct;bin;rgs;gif;jpg;jpeg;jpe;resx;tiff;tif;png;wav;mfcribbon-ms</Extensions>
    </Filter>
    <Filter Include="vendors">
      <UniqueIdentifier>{f53605bb-4285-4abe-a643-d7e86ba8c071}</UniqueIdentifier>
    </Filter>
  </ItemGroup>
  <ItemGroup>
    <ClCompile Include="src\renderer\renderer.cpp">
      <Filter>Source Files</Filter>
    </ClCompile>
    <ClCompile Include="main.cpp">
      <Filter>Source Files</Filter>
    </ClCompile>
    <ClCompile Include="src\renderer\EBO.cpp">
      <Filter>Source Files</Filter>
    </ClCompile>
    <ClCompile Include="src\renderer\Shader.cpp">
      <Filter>Source Files</Filter>
    </ClCompile>
    <ClCompile Include="src\core\app.cpp">
      <Filter>Source Files</Filter>
    </ClCompile>
    <ClCompile Include="src\core\window.cpp">
      <Filter>Source Files</Filter>
    </ClCompile>
    <ClCompile Include="src\scene\entity.cpp">
      <Filter>Source Files</Filter>
    </ClCompile>
    <ClCompile Include="vendors\stb\stb_image.cpp">
      <Filter>Source Files</Filter>
    </ClCompile>
    <ClCompile Include="src\renderer\texture.cpp">
      <Filter>Source Files</Filter>
    </ClCompile>
    <ClCompile Include="vendors\glad2\src\glad.c">
      <Filter>Source Files</Filter>
    </ClCompile>
    <ClCompile Include="src\scene\scene.cpp">
      <Filter>Source Files</Filter>
    </ClCompile>
    <ClCompile Include="src\renderer\VAO.cpp">
      <Filter>Source Files</Filter>
    </ClCompile>
    <ClCompile Include="src\renderer\VBO.cpp">
      <Filter>Source Files</Filter>
    </ClCompile>
    <ClCompile Include="src\core\deserealizer.cpp">
      <Filter>Source Files</Filter>
    </ClCompile>
    <ClCompile Include="src\core\ecs\dynamic_registry.cpp">
      <Filter>Source Files</Filter>
    </ClCompile>
    <ClCompile Include="src\core\ecs\smart_storage.cpp">
      <Filter>Source Files</Filter>
    </ClCompile>
    <ClCompile Include="src\core\bindable\bindable_base.cpp">
      <Filter>Source Files</Filter>
    </ClCompile>
  </ItemGroup>
  <ItemGroup>
    <ClInclude Include="src\renderer\renderer.h">
      <Filter>Header Files</Filter>
    </ClInclude>
    <ClInclude Include="src\renderer\EBO.h">
      <Filter>Header Files</Filter>
    </ClInclude>
    <ClInclude Include="src\utils.h">
      <Filter>Header Files</Filter>
    </ClInclude>
    <ClInclude Include="src\renderer\Shader.h">
      <Filter>Header Files</Filter>
    </ClInclude>
    <ClInclude Include="src\core\components\components.h">
      <Filter>Header Files</Filter>
    </ClInclude>
    <ClInclude Include="src\core\app.h">
      <Filter>Header Files</Filter>
    </ClInclude>
    <ClInclude Include="src\core\window.h">
      <Filter>Header Files</Filter>
    </ClInclude>
    <ClInclude Include="src\scene\entity.h">
      <Filter>Header Files</Filter>
    </ClInclude>
    <ClInclude Include="vendors\stb\stb_image.h">
      <Filter>Header Files</Filter>
    </ClInclude>
    <ClInclude Include="src\renderer\texture.h">
      <Filter>Header Files</Filter>
    </ClInclude>
    <ClInclude Include="src\core_scripts\renderer_scripts.h">
      <Filter>Header Files</Filter>
    </ClInclude>
    <ClInclude Include="src\core\macros.h">
      <Filter>Header Files</Filter>
    </ClInclude>
    <ClInclude Include="src\scene\scene.h">
      <Filter>Header Files</Filter>
    </ClInclude>
    <ClInclude Include="src\renderer\VAO.h">
      <Filter>Header Files</Filter>
    </ClInclude>
    <ClInclude Include="src\renderer\VBO.h">
      <Filter>Header Files</Filter>
    </ClInclude>
    <ClInclude Include="src\utils\utils.h">
      <Filter>Header Files</Filter>
    </ClInclude>
    <ClInclude Include="example_project\stages\main_menu\logic.h">
      <Filter>Header Files</Filter>
    </ClInclude>
    <ClInclude Include="src\core\serealizer.h">
      <Filter>Header Files</Filter>
    </ClInclude>
    <ClInclude Include="src\core\deserealizer.h">
      <Filter>Header Files</Filter>
    </ClInclude>
    <ClInclude Include="kawa.h">
      <Filter>Header Files</Filter>
    </ClInclude>
    <ClInclude Include="src\scene\scene_base.h">
      <Filter>Header Files</Filter>
    </ClInclude>
    <ClInclude Include="src\debug\debug.h">
      <Filter>Header Files</Filter>
    </ClInclude>
    <ClInclude Include="src\debug\platform_detect.h">
      <Filter>Header Files</Filter>
    </ClInclude>
    <ClInclude Include="src\debug\assert.h">
      <Filter>Header Files</Filter>
    </ClInclude>
    <ClInclude Include="src\debug\log.h">
      <Filter>Header Files</Filter>
    </ClInclude>
    <ClInclude Include="example_project\stages\main_menu\actors\bit.h">
      <Filter>Header Files</Filter>
    </ClInclude>
    <ClInclude Include="example_project\stages\main_menu\actors\play_button.h">
      <Filter>Header Files</Filter>
    </ClInclude>
    <ClInclude Include="example_project\stages\main_menu\actors\home_button.h">
      <Filter>Header Files</Filter>
    </ClInclude>
    <ClInclude Include="src\core\log\log.h">
      <Filter>Header Files</Filter>
    </ClInclude>
    <ClInclude Include="src\core\log\log_defaults.h">
      <Filter>Header Files</Filter>
    </ClInclude>
    <ClInclude Include="src\core\log\log_enums.h">
      <Filter>Header Files</Filter>
    </ClInclude>
    <ClInclude Include="src\core\log\log_getters.h">
      <Filter>Header Files</Filter>
    </ClInclude>
    <ClInclude Include="example_project\stages\shared\ortho_camera.h">
      <Filter>Header Files</Filter>
    </ClInclude>
    <ClInclude Include="example_project\stages\shooter\logic.h">
      <Filter>Header Files</Filter>
    </ClInclude>
    <ClInclude Include="example_project\stages\shooter\actors\ship.h">
      <Filter>Header Files</Filter>
    </ClInclude>
    <ClInclude Include="example_project\stages\shooter\actors\background.h">
      <Filter>Header Files</Filter>
    </ClInclude>
    <ClInclude Include="example_project\stages\shooter\actors\asteroid.h">
      <Filter>Header Files</Filter>
    </ClInclude>
    <ClInclude Include="example_project\stages\shooter\actors\bullet.h">
      <Filter>Header Files</Filter>
    </ClInclude>
    <ClInclude Include="src\core_scripts\processors_scripts.h">
      <Filter>Header Files</Filter>
    </ClInclude>
    <ClInclude Include="src\core\archetypes.h">
      <Filter>Header Files</Filter>
    </ClInclude>
    <ClInclude Include="src\core\data_structures\dyn_array.h">
      <Filter>Header Files</Filter>
    </ClInclude>
    <ClInclude Include="example_project\stages\3d_test\logic.h">
      <Filter>Header Files</Filter>
    </ClInclude>
    <ClInclude Include="example_project\stages\shared\perspective_camera.h">
      <Filter>Header Files</Filter>
    </ClInclude>
    <ClInclude Include="example_project\stages\3d_test\actors\square.h">
      <Filter>Header Files</Filter>
    </ClInclude>
    <ClInclude Include="src\core\ecs\smart_storage.h">
      <Filter>Header Files</Filter>
    </ClInclude>
    <ClInclude Include="src\core\ecs\dynamic_registry.h">
      <Filter>Header Files</Filter>
    </ClInclude>
    <ClInclude Include="src\meta\function_traits.h">
      <Filter>Header Files</Filter>
    </ClInclude>
    <ClInclude Include="src\meta\utils.h">
      <Filter>Header Files</Filter>
    </ClInclude>
    <ClInclude Include="example_project\stages\swarm\swarm_scene.h">
      <Filter>Header Files</Filter>
    </ClInclude>
    <ClInclude Include="example_project\stages\swarm\actors\unit.h">
      <Filter>Header Files</Filter>
    </ClInclude>
    <ClInclude Include="example_project\stages\shared\fps_counter.h">
      <Filter>Header Files</Filter>
    </ClInclude>
    <ClInclude Include="src\core\base.h">
      <Filter>Header Files</Filter>
    </ClInclude>
    <ClInclude Include="src\core\components\script_component.h">
      <Filter>Header Files</Filter>
    </ClInclude>
    <ClInclude Include="src\core\bindable\bindable_registrar.h">
      <Filter>Header Files</Filter>
    </ClInclude>
    <ClInclude Include="src\core\bindable\bindable_base.h">
      <Filter>Header Files</Filter>
    </ClInclude>
    <ClInclude Include="example_project\stages\3d_test\actors\player.h">
      <Filter>Header Files</Filter>
    </ClInclude>
    <ClInclude Include="vendors\assimp\include\Compiler\poppack1.h">
      <Filter>Header Files</Filter>
    </ClInclude>
    <ClInclude Include="vendors\assimp\include\Compiler\pstdint.h">
      <Filter>Header Files</Filter>
    </ClInclude>
    <ClInclude Include="vendors\assimp\include\Compiler\pushpack1.h">
      <Filter>Header Files</Filter>
    </ClInclude>
    <ClInclude Include="vendors\assimp\include\port\AndroidJNI\AndroidJNIIOSystem.h">
      <Filter>Header Files</Filter>
    </ClInclude>
    <ClInclude Include="vendors\assimp\include\port\AndroidJNI\BundledAssetIOSystem.h">
      <Filter>Header Files</Filter>
    </ClInclude>
    <ClInclude Include="vendors\assimp\include\aabb.h">
      <Filter>Header Files</Filter>
    </ClInclude>
    <ClInclude Include="vendors\assimp\include\ai_assert.h">
      <Filter>Header Files</Filter>
    </ClInclude>
    <ClInclude Include="vendors\assimp\include\anim.h">
      <Filter>Header Files</Filter>
    </ClInclude>
    <ClInclude Include="vendors\assimp\include\AssertHandler.h">
      <Filter>Header Files</Filter>
    </ClInclude>
    <ClInclude Include="vendors\assimp\include\Base64.hpp">
      <Filter>Header Files</Filter>
    </ClInclude>
    <ClInclude Include="vendors\assimp\include\BaseImporter.h">
      <Filter>Header Files</Filter>
    </ClInclude>
    <ClInclude Include="vendors\assimp\include\Bitmap.h">
      <Filter>Header Files</Filter>
    </ClInclude>
    <ClInclude Include="vendors\assimp\include\BlobIOSystem.h">
      <Filter>Header Files</Filter>
    </ClInclude>
    <ClInclude Include="vendors\assimp\include\ByteSwapper.h">
      <Filter>Header Files</Filter>
    </ClInclude>
    <ClInclude Include="vendors\assimp\include\camera.h">
      <Filter>Header Files</Filter>
    </ClInclude>
    <ClInclude Include="vendors\assimp\include\cexport.h">
      <Filter>Header Files</Filter>
    </ClInclude>
    <ClInclude Include="vendors\assimp\include\cfileio.h">
      <Filter>Header Files</Filter>
    </ClInclude>
    <ClInclude Include="vendors\assimp\include\cimport.h">
      <Filter>Header Files</Filter>
    </ClInclude>
    <ClInclude Include="vendors\assimp\include\ColladaMetaData.h">
      <Filter>Header Files</Filter>
    </ClInclude>
    <ClInclude Include="vendors\assimp\include\color4.h">
      <Filter>Header Files</Filter>
    </ClInclude>
    <ClInclude Include="vendors\assimp\include\commonMetaData.h">
      <Filter>Header Files</Filter>
    </ClInclude>
    <ClInclude Include="vendors\assimp\include\config.h">
      <Filter>Header Files</Filter>
    </ClInclude>
    <ClInclude Include="vendors\assimp\include\CreateAnimMesh.h">
      <Filter>Header Files</Filter>
    </ClInclude>
    <ClInclude Include="vendors\assimp\include\DefaultIOStream.h">
      <Filter>Header Files</Filter>
    </ClInclude>
    <ClInclude Include="vendors\assimp\include\DefaultIOSystem.h">
      <Filter>Header Files</Filter>
    </ClInclude>
    <ClInclude Include="vendors\assimp\include\DefaultLogger.hpp">
      <Filter>Header Files</Filter>
    </ClInclude>
    <ClInclude Include="vendors\assimp\include\defs.h">
      <Filter>Header Files</Filter>
    </ClInclude>
    <ClInclude Include="vendors\assimp\include\Exceptional.h">
      <Filter>Header Files</Filter>
    </ClInclude>
    <ClInclude Include="vendors\assimp\include\Exporter.hpp">
      <Filter>Header Files</Filter>
    </ClInclude>
    <ClInclude Include="vendors\assimp\include\fast_atof.h">
      <Filter>Header Files</Filter>
    </ClInclude>
    <ClInclude Include="vendors\assimp\include\GenericProperty.h">
      <Filter>Header Files</Filter>
    </ClInclude>
    <ClInclude Include="vendors\assimp\include\GltfMaterial.h">
      <Filter>Header Files</Filter>
    </ClInclude>
    <ClInclude Include="vendors\assimp\include\Hash.h">
      <Filter>Header Files</Filter>
    </ClInclude>
    <ClInclude Include="vendors\assimp\include\Importer.hpp">
      <Filter>Header Files</Filter>
    </ClInclude>
    <ClInclude Include="vendors\assimp\include\importerdesc.h">
      <Filter>Header Files</Filter>
    </ClInclude>
    <ClInclude Include="vendors\assimp\include\IOStream.hpp">
      <Filter>Header Files</Filter>
    </ClInclude>
    <ClInclude Include="vendors\assimp\include\IOStreamBuffer.h">
      <Filter>Header Files</Filter>
    </ClInclude>
    <ClInclude Include="vendors\assimp\include\IOSystem.hpp">
      <Filter>Header Files</Filter>
    </ClInclude>
    <ClInclude Include="vendors\assimp\include\light.h">
      <Filter>Header Files</Filter>
    </ClInclude>
    <ClInclude Include="vendors\assimp\include\LineSplitter.h">
      <Filter>Header Files</Filter>
    </ClInclude>
    <ClInclude Include="vendors\assimp\include\LogAux.h">
      <Filter>Header Files</Filter>
    </ClInclude>
    <ClInclude Include="vendors\assimp\include\Logger.hpp">
      <Filter>Header Files</Filter>
    </ClInclude>
    <ClInclude Include="vendors\assimp\include\LogStream.hpp">
      <Filter>Header Files</Filter>
    </ClInclude>
    <ClInclude Include="vendors\assimp\include\material.h">
      <Filter>Header Files</Filter>
    </ClInclude>
    <ClInclude Include="vendors\assimp\include\MathFunctions.h">
      <Filter>Header Files</Filter>
    </ClInclude>
    <ClInclude Include="vendors\assimp\include\matrix3x3.h">
      <Filter>Header Files</Filter>
    </ClInclude>
    <ClInclude Include="vendors\assimp\include\matrix4x4.h">
      <Filter>Header Files</Filter>
    </ClInclude>
    <ClInclude Include="vendors\assimp\include\MemoryIOWrapper.h">
      <Filter>Header Files</Filter>
    </ClInclude>
    <ClInclude Include="vendors\assimp\include\mesh.h">
      <Filter>Header Files</Filter>
    </ClInclude>
    <ClInclude Include="vendors\assimp\include\metadata.h">
      <Filter>Header Files</Filter>
    </ClInclude>
    <ClInclude Include="vendors\assimp\include\NullLogger.hpp">
      <Filter>Header Files</Filter>
    </ClInclude>
    <ClInclude Include="vendors\assimp\include\ObjMaterial.h">
      <Filter>Header Files</Filter>
    </ClInclude>
    <ClInclude Include="vendors\assimp\include\ParsingUtils.h">
      <Filter>Header Files</Filter>
    </ClInclude>
    <ClInclude Include="vendors\assimp\include\pbrmaterial.h">
      <Filter>Header Files</Filter>
    </ClInclude>
    <ClInclude Include="vendors\assimp\include\postprocess.h">
      <Filter>Header Files</Filter>
    </ClInclude>
    <ClInclude Include="vendors\assimp\include\Profiler.h">
      <Filter>Header Files</Filter>
    </ClInclude>
    <ClInclude Include="vendors\assimp\include\ProgressHandler.hpp">
      <Filter>Header Files</Filter>
    </ClInclude>
    <ClInclude Include="vendors\assimp\include\qnan.h">
      <Filter>Header Files</Filter>
    </ClInclude>
    <ClInclude Include="vendors\assimp\include\quaternion.h">
      <Filter>Header Files</Filter>
    </ClInclude>
    <ClInclude Include="vendors\assimp\include\RemoveComments.h">
      <Filter>Header Files</Filter>
    </ClInclude>
    <ClInclude Include="vendors\assimp\include\revision.h">
      <Filter>Header Files</Filter>
    </ClInclude>
    <ClInclude Include="vendors\assimp\include\scene.h">
      <Filter>Header Files</Filter>
    </ClInclude>
    <ClInclude Include="vendors\assimp\include\SceneCombiner.h">
      <Filter>Header Files</Filter>
    </ClInclude>
    <ClInclude Include="vendors\assimp\include\SGSpatialSort.h">
      <Filter>Header Files</Filter>
    </ClInclude>
    <ClInclude Include="vendors\assimp\include\SkeletonMeshBuilder.h">
      <Filter>Header Files</Filter>
    </ClInclude>
    <ClInclude Include="vendors\assimp\include\SmallVector.h">
      <Filter>Header Files</Filter>
    </ClInclude>
    <ClInclude Include="vendors\assimp\include\SmoothingGroups.h">
      <Filter>Header Files</Filter>
    </ClInclude>
    <ClInclude Include="vendors\assimp\include\SpatialSort.h">
      <Filter>Header Files</Filter>
    </ClInclude>
    <ClInclude Include="vendors\assimp\include\StandardShapes.h">
      <Filter>Header Files</Filter>
    </ClInclude>
    <ClInclude Include="vendors\assimp\include\StreamReader.h">
      <Filter>Header Files</Filter>
    </ClInclude>
    <ClInclude Include="vendors\assimp\include\StreamWriter.h">
      <Filter>Header Files</Filter>
    </ClInclude>
    <ClInclude Include="vendors\assimp\include\StringComparison.h">
      <Filter>Header Files</Filter>
    </ClInclude>
    <ClInclude Include="vendors\assimp\include\StringUtils.h">
      <Filter>Header Files</Filter>
    </ClInclude>
    <ClInclude Include="vendors\assimp\include\Subdivision.h">
      <Filter>Header Files</Filter>
    </ClInclude>
    <ClInclude Include="vendors\assimp\include\texture.h">
      <Filter>Header Files</Filter>
    </ClInclude>
    <ClInclude Include="vendors\assimp\include\TinyFormatter.h">
      <Filter>Header Files</Filter>
    </ClInclude>
    <ClInclude Include="vendors\assimp\include\types.h">
      <Filter>Header Files</Filter>
    </ClInclude>
    <ClInclude Include="vendors\assimp\include\vector2.h">
      <Filter>Header Files</Filter>
    </ClInclude>
    <ClInclude Include="vendors\assimp\include\vector3.h">
      <Filter>Header Files</Filter>
    </ClInclude>
    <ClInclude Include="vendors\assimp\include\version.h">
      <Filter>Header Files</Filter>
    </ClInclude>
    <ClInclude Include="vendors\assimp\include\Vertex.h">
      <Filter>Header Files</Filter>
    </ClInclude>
    <ClInclude Include="vendors\assimp\include\XmlParser.h">
      <Filter>Header Files</Filter>
    </ClInclude>
    <ClInclude Include="vendors\assimp\include\XMLTools.h">
      <Filter>Header Files</Filter>
    </ClInclude>
    <ClInclude Include="vendors\assimp\include\ZipArchiveIOSystem.h">
      <Filter>Header Files</Filter>
    </ClInclude>
  </ItemGroup>
  <ItemGroup>
    <None Include="shaders\test_vert.vert" />
    <None Include="shaders\test_frag.frag" />
    <None Include="shaders\better.frag" />
    <None Include="vendors\assimp\include\color4.inl">
      <Filter>Header Files</Filter>
    </None>
    <None Include="vendors\assimp\include\material.inl">
      <Filter>Header Files</Filter>
    </None>
    <None Include="vendors\assimp\include\matrix3x3.inl">
      <Filter>Header Files</Filter>
    </None>
    <None Include="vendors\assimp\include\matrix4x4.inl">
      <Filter>Header Files</Filter>
    </None>
    <None Include="vendors\assimp\include\quaternion.inl">
      <Filter>Header Files</Filter>
    </None>
    <None Include="vendors\assimp\include\SmoothingGroups.inl">
      <Filter>Header Files</Filter>
    </None>
    <None Include="vendors\assimp\include\vector2.inl">
      <Filter>Header Files</Filter>
    </None>
    <None Include="vendors\assimp\include\vector3.inl">
      <Filter>Header Files</Filter>
    </None>
  </ItemGroup>
</Project>